// !$*UTF8*$!
{
	archiveVersion = 1;
	classes = {
	};
	objectVersion = 77;
	objects = {

/* Begin PBXBuildFile section */
		17575C492F1FDB6B004C9986 /* TeamCookMacros in Frameworks */ = {isa = PBXBuildFile; productRef = 17575C482F1FDB6B004C9986 /* TeamCookMacros */; };
/* End PBXBuildFile section */

/* Begin PBXContainerItemProxy section */
		17575BC02F1BC0C1004C9986 /* PBXContainerItemProxy */ = {
			isa = PBXContainerItemProxy;
			containerPortal = 17575BAA2F1BC0C0004C9986 /* Project object */;
			proxyType = 1;
			remoteGlobalIDString = 17575BB12F1BC0C0004C9986;
			remoteInfo = TeamCook;
		};
		17575BCA2F1BC0C1004C9986 /* PBXContainerItemProxy */ = {
			isa = PBXContainerItemProxy;
			containerPortal = 17575BAA2F1BC0C0004C9986 /* Project object */;
			proxyType = 1;
			remoteGlobalIDString = 17575BB12F1BC0C0004C9986;
			remoteInfo = TeamCook;
		};
/* End PBXContainerItemProxy section */

/* Begin PBXFileReference section */
		17575BB22F1BC0C0004C9986 /* TeamCook.app */ = {isa = PBXFileReference; explicitFileType = wrapper.application; includeInIndex = 0; path = TeamCook.app; sourceTree = BUILT_PRODUCTS_DIR; };
		17575BBF2F1BC0C1004C9986 /* TeamCookTests.xctest */ = {isa = PBXFileReference; explicitFileType = wrapper.cfbundle; includeInIndex = 0; path = TeamCookTests.xctest; sourceTree = BUILT_PRODUCTS_DIR; };
		17575BC92F1BC0C1004C9986 /* TeamCookUITests.xctest */ = {isa = PBXFileReference; explicitFileType = wrapper.cfbundle; includeInIndex = 0; path = TeamCookUITests.xctest; sourceTree = BUILT_PRODUCTS_DIR; };
/* End PBXFileReference section */

/* Begin PBXFileSystemSynchronizedRootGroup section */
		17575BB42F1BC0C0004C9986 /* TeamCook */ = {
			isa = PBXFileSystemSynchronizedRootGroup;
			path = TeamCook;
			sourceTree = "<group>";
		};
		17575BC22F1BC0C1004C9986 /* TeamCookTests */ = {
			isa = PBXFileSystemSynchronizedRootGroup;
			path = TeamCookTests;
			sourceTree = "<group>";
		};
		17575BCC2F1BC0C1004C9986 /* TeamCookUITests */ = {
			isa = PBXFileSystemSynchronizedRootGroup;
			path = TeamCookUITests;
			sourceTree = "<group>";
		};
/* End PBXFileSystemSynchronizedRootGroup section */

/* Begin PBXFrameworksBuildPhase section */
		17575BAF2F1BC0C0004C9986 /* Frameworks */ = {
			isa = PBXFrameworksBuildPhase;
			buildActionMask = 2147483647;
			files = (
				17575C492F1FDB6B004C9986 /* TeamCookMacros in Frameworks */,
			);
			runOnlyForDeploymentPostprocessing = 0;
		};
		17575BBC2F1BC0C1004C9986 /* Frameworks */ = {
			isa = PBXFrameworksBuildPhase;
			buildActionMask = 2147483647;
			files = (
			);
			runOnlyForDeploymentPostprocessing = 0;
		};
		17575BC62F1BC0C1004C9986 /* Frameworks */ = {
			isa = PBXFrameworksBuildPhase;
			buildActionMask = 2147483647;
			files = (
			);
			runOnlyForDeploymentPostprocessing = 0;
		};
/* End PBXFrameworksBuildPhase section */

/* Begin PBXGroup section */
		17575BA92F1BC0C0004C9986 = {
			isa = PBXGroup;
			children = (
				17575BB42F1BC0C0004C9986 /* TeamCook */,
				17575BC22F1BC0C1004C9986 /* TeamCookTests */,
				17575BCC2F1BC0C1004C9986 /* TeamCookUITests */,
				17575BB32F1BC0C0004C9986 /* Products */,
			);
			sourceTree = "<group>";
		};
		17575BB32F1BC0C0004C9986 /* Products */ = {
			isa = PBXGroup;
			children = (
				17575BB22F1BC0C0004C9986 /* TeamCook.app */,
				17575BBF2F1BC0C1004C9986 /* TeamCookTests.xctest */,
				17575BC92F1BC0C1004C9986 /* TeamCookUITests.xctest */,
			);
			name = Products;
			sourceTree = "<group>";
		};
/* End PBXGroup section */

/* Begin PBXNativeTarget section */
		17575BB12F1BC0C0004C9986 /* TeamCook */ = {
			isa = PBXNativeTarget;
			buildConfigurationList = 17575BD32F1BC0C1004C9986 /* Build configuration list for PBXNativeTarget "TeamCook" */;
			buildPhases = (
				17575BAE2F1BC0C0004C9986 /* Sources */,
				17575BAF2F1BC0C0004C9986 /* Frameworks */,
				17575BB02F1BC0C0004C9986 /* Resources */,
			);
			buildRules = (
			);
			dependencies = (
			);
			fileSystemSynchronizedGroups = (
				17575BB42F1BC0C0004C9986 /* TeamCook */,
			);
			name = TeamCook;
			packageProductDependencies = (
				17575C482F1FDB6B004C9986 /* TeamCookMacros */,
			);
			productName = TeamCook;
			productReference = 17575BB22F1BC0C0004C9986 /* TeamCook.app */;
			productType = "com.apple.product-type.application";
		};
		17575BBE2F1BC0C1004C9986 /* TeamCookTests */ = {
			isa = PBXNativeTarget;
			buildConfigurationList = 17575BD62F1BC0C1004C9986 /* Build configuration list for PBXNativeTarget "TeamCookTests" */;
			buildPhases = (
				17575BBB2F1BC0C1004C9986 /* Sources */,
				17575BBC2F1BC0C1004C9986 /* Frameworks */,
				17575BBD2F1BC0C1004C9986 /* Resources */,
			);
			buildRules = (
			);
			dependencies = (
				17575BC12F1BC0C1004C9986 /* PBXTargetDependency */,
			);
			fileSystemSynchronizedGroups = (
				17575BC22F1BC0C1004C9986 /* TeamCookTests */,
			);
			name = TeamCookTests;
			packageProductDependencies = (
			);
			productName = TeamCookTests;
			productReference = 17575BBF2F1BC0C1004C9986 /* TeamCookTests.xctest */;
			productType = "com.apple.product-type.bundle.unit-test";
		};
		17575BC82F1BC0C1004C9986 /* TeamCookUITests */ = {
			isa = PBXNativeTarget;
			buildConfigurationList = 17575BD92F1BC0C1004C9986 /* Build configuration list for PBXNativeTarget "TeamCookUITests" */;
			buildPhases = (
				17575BC52F1BC0C1004C9986 /* Sources */,
				17575BC62F1BC0C1004C9986 /* Frameworks */,
				17575BC72F1BC0C1004C9986 /* Resources */,
			);
			buildRules = (
			);
			dependencies = (
				17575BCB2F1BC0C1004C9986 /* PBXTargetDependency */,
			);
			fileSystemSynchronizedGroups = (
				17575BCC2F1BC0C1004C9986 /* TeamCookUITests */,
			);
			name = TeamCookUITests;
			packageProductDependencies = (
			);
			productName = TeamCookUITests;
			productReference = 17575BC92F1BC0C1004C9986 /* TeamCookUITests.xctest */;
			productType = "com.apple.product-type.bundle.ui-testing";
		};
/* End PBXNativeTarget section */

/* Begin PBXProject section */
		17575BAA2F1BC0C0004C9986 /* Project object */ = {
			isa = PBXProject;
			attributes = {
				BuildIndependentTargetsInParallel = 1;
				LastSwiftUpdateCheck = 2620;
				LastUpgradeCheck = 2620;
				TargetAttributes = {
					17575BB12F1BC0C0004C9986 = {
						CreatedOnToolsVersion = 26.2;
					};
					17575BBE2F1BC0C1004C9986 = {
						CreatedOnToolsVersion = 26.2;
						TestTargetID = 17575BB12F1BC0C0004C9986;
					};
					17575BC82F1BC0C1004C9986 = {
						CreatedOnToolsVersion = 26.2;
						TestTargetID = 17575BB12F1BC0C0004C9986;
					};
				};
			};
			buildConfigurationList = 17575BAD2F1BC0C0004C9986 /* Build configuration list for PBXProject "TeamCook" */;
			developmentRegion = en;
			hasScannedForEncodings = 0;
			knownRegions = (
				en,
				Base,
			);
			mainGroup = 17575BA92F1BC0C0004C9986;
			minimizedProjectReferenceProxies = 1;
			packageReferences = (
				17575C472F1FDB6B004C9986 /* XCLocalSwiftPackageReference "../../packages/TeamCookMacros" */,
			);
			preferredProjectObjectVersion = 77;
			productRefGroup = 17575BB32F1BC0C0004C9986 /* Products */;
			projectDirPath = "";
			projectRoot = "";
			targets = (
				17575BB12F1BC0C0004C9986 /* TeamCook */,
				17575BBE2F1BC0C1004C9986 /* TeamCookTests */,
				17575BC82F1BC0C1004C9986 /* TeamCookUITests */,
			);
		};
/* End PBXProject section */

/* Begin PBXResourcesBuildPhase section */
		17575BB02F1BC0C0004C9986 /* Resources */ = {
			isa = PBXResourcesBuildPhase;
			buildActionMask = 2147483647;
			files = (
			);
			runOnlyForDeploymentPostprocessing = 0;
		};
		17575BBD2F1BC0C1004C9986 /* Resources */ = {
			isa = PBXResourcesBuildPhase;
			buildActionMask = 2147483647;
			files = (
			);
			runOnlyForDeploymentPostprocessing = 0;
		};
		17575BC72F1BC0C1004C9986 /* Resources */ = {
			isa = PBXResourcesBuildPhase;
			buildActionMask = 2147483647;
			files = (
			);
			runOnlyForDeploymentPostprocessing = 0;
		};
/* End PBXResourcesBuildPhase section */

/* Begin PBXSourcesBuildPhase section */
		17575BAE2F1BC0C0004C9986 /* Sources */ = {
			isa = PBXSourcesBuildPhase;
			buildActionMask = 2147483647;
			files = (
			);
			runOnlyForDeploymentPostprocessing = 0;
		};
		17575BBB2F1BC0C1004C9986 /* Sources */ = {
			isa = PBXSourcesBuildPhase;
			buildActionMask = 2147483647;
			files = (
			);
			runOnlyForDeploymentPostprocessing = 0;
		};
		17575BC52F1BC0C1004C9986 /* Sources */ = {
			isa = PBXSourcesBuildPhase;
			buildActionMask = 2147483647;
			files = (
			);
			runOnlyForDeploymentPostprocessing = 0;
		};
/* End PBXSourcesBuildPhase section */

/* Begin PBXTargetDependency section */
		17575BC12F1BC0C1004C9986 /* PBXTargetDependency */ = {
			isa = PBXTargetDependency;
			target = 17575BB12F1BC0C0004C9986 /* TeamCook */;
			targetProxy = 17575BC02F1BC0C1004C9986 /* PBXContainerItemProxy */;
		};
		17575BCB2F1BC0C1004C9986 /* PBXTargetDependency */ = {
			isa = PBXTargetDependency;
			target = 17575BB12F1BC0C0004C9986 /* TeamCook */;
			targetProxy = 17575BCA2F1BC0C1004C9986 /* PBXContainerItemProxy */;
		};
/* End PBXTargetDependency section */

/* Begin XCBuildConfiguration section */
		17575BD12F1BC0C1004C9986 /* Debug */ = {
			isa = XCBuildConfiguration;
			buildSettings = {
				ALWAYS_SEARCH_USER_PATHS = NO;
				ASSETCATALOG_COMPILER_GENERATE_SWIFT_ASSET_SYMBOL_EXTENSIONS = YES;
				CLANG_ANALYZER_NONNULL = YES;
				CLANG_ANALYZER_NUMBER_OBJECT_CONVERSION = YES_AGGRESSIVE;
				CLANG_CXX_LANGUAGE_STANDARD = "gnu++20";
				CLANG_ENABLE_MODULES = YES;
				CLANG_ENABLE_OBJC_ARC = YES;
				CLANG_ENABLE_OBJC_WEAK = YES;
				CLANG_WARN_BLOCK_CAPTURE_AUTORELEASING = YES;
				CLANG_WARN_BOOL_CONVERSION = YES;
				CLANG_WARN_COMMA = YES;
				CLANG_WARN_CONSTANT_CONVERSION = YES;
				CLANG_WARN_DEPRECATED_OBJC_IMPLEMENTATIONS = YES;
				CLANG_WARN_DIRECT_OBJC_ISA_USAGE = YES_ERROR;
				CLANG_WARN_DOCUMENTATION_COMMENTS = YES;
				CLANG_WARN_EMPTY_BODY = YES;
				CLANG_WARN_ENUM_CONVERSION = YES;
				CLANG_WARN_INFINITE_RECURSION = YES;
				CLANG_WARN_INT_CONVERSION = YES;
				CLANG_WARN_NON_LITERAL_NULL_CONVERSION = YES;
				CLANG_WARN_OBJC_IMPLICIT_RETAIN_SELF = YES;
				CLANG_WARN_OBJC_LITERAL_CONVERSION = YES;
				CLANG_WARN_OBJC_ROOT_CLASS = YES_ERROR;
				CLANG_WARN_QUOTED_INCLUDE_IN_FRAMEWORK_HEADER = YES;
				CLANG_WARN_RANGE_LOOP_ANALYSIS = YES;
				CLANG_WARN_STRICT_PROTOTYPES = YES;
				CLANG_WARN_SUSPICIOUS_MOVE = YES;
				CLANG_WARN_UNGUARDED_AVAILABILITY = YES_AGGRESSIVE;
				CLANG_WARN_UNREACHABLE_CODE = YES;
				CLANG_WARN__DUPLICATE_METHOD_MATCH = YES;
				COPY_PHASE_STRIP = NO;
				DEBUG_INFORMATION_FORMAT = dwarf;
				DEVELOPMENT_TEAM = A98SVH33FM;
				ENABLE_STRICT_OBJC_MSGSEND = YES;
				ENABLE_TESTABILITY = YES;
				ENABLE_USER_SCRIPT_SANDBOXING = YES;
				GCC_C_LANGUAGE_STANDARD = gnu17;
				GCC_DYNAMIC_NO_PIC = NO;
				GCC_NO_COMMON_BLOCKS = YES;
				GCC_OPTIMIZATION_LEVEL = 0;
				GCC_PREPROCESSOR_DEFINITIONS = (
					"DEBUG=1",
					"$(inherited)",
				);
				GCC_WARN_64_TO_32_BIT_CONVERSION = YES;
				GCC_WARN_ABOUT_RETURN_TYPE = YES_ERROR;
				GCC_WARN_UNDECLARED_SELECTOR = YES;
				GCC_WARN_UNINITIALIZED_AUTOS = YES_AGGRESSIVE;
				GCC_WARN_UNUSED_FUNCTION = YES;
				GCC_WARN_UNUSED_VARIABLE = YES;
				IPHONEOS_DEPLOYMENT_TARGET = 26.2;
				LOCALIZATION_PREFERS_STRING_CATALOGS = YES;
				MTL_ENABLE_DEBUG_INFO = INCLUDE_SOURCE;
				MTL_FAST_MATH = YES;
				ONLY_ACTIVE_ARCH = YES;
				SDKROOT = iphoneos;
				SWIFT_ACTIVE_COMPILATION_CONDITIONS = "DEBUG $(inherited)";
				SWIFT_OPTIMIZATION_LEVEL = "-Onone";
			};
			name = Debug;
		};
		17575BD22F1BC0C1004C9986 /* Release */ = {
			isa = XCBuildConfiguration;
			buildSettings = {
				ALWAYS_SEARCH_USER_PATHS = NO;
				ASSETCATALOG_COMPILER_GENERATE_SWIFT_ASSET_SYMBOL_EXTENSIONS = YES;
				CLANG_ANALYZER_NONNULL = YES;
				CLANG_ANALYZER_NUMBER_OBJECT_CONVERSION = YES_AGGRESSIVE;
				CLANG_CXX_LANGUAGE_STANDARD = "gnu++20";
				CLANG_ENABLE_MODULES = YES;
				CLANG_ENABLE_OBJC_ARC = YES;
				CLANG_ENABLE_OBJC_WEAK = YES;
				CLANG_WARN_BLOCK_CAPTURE_AUTORELEASING = YES;
				CLANG_WARN_BOOL_CONVERSION = YES;
				CLANG_WARN_COMMA = YES;
				CLANG_WARN_CONSTANT_CONVERSION = YES;
				CLANG_WARN_DEPRECATED_OBJC_IMPLEMENTATIONS = YES;
				CLANG_WARN_DIRECT_OBJC_ISA_USAGE = YES_ERROR;
				CLANG_WARN_DOCUMENTATION_COMMENTS = YES;
				CLANG_WARN_EMPTY_BODY = YES;
				CLANG_WARN_ENUM_CONVERSION = YES;
				CLANG_WARN_INFINITE_RECURSION = YES;
				CLANG_WARN_INT_CONVERSION = YES;
				CLANG_WARN_NON_LITERAL_NULL_CONVERSION = YES;
				CLANG_WARN_OBJC_IMPLICIT_RETAIN_SELF = YES;
				CLANG_WARN_OBJC_LITERAL_CONVERSION = YES;
				CLANG_WARN_OBJC_ROOT_CLASS = YES_ERROR;
				CLANG_WARN_QUOTED_INCLUDE_IN_FRAMEWORK_HEADER = YES;
				CLANG_WARN_RANGE_LOOP_ANALYSIS = YES;
				CLANG_WARN_STRICT_PROTOTYPES = YES;
				CLANG_WARN_SUSPICIOUS_MOVE = YES;
				CLANG_WARN_UNGUARDED_AVAILABILITY = YES_AGGRESSIVE;
				CLANG_WARN_UNREACHABLE_CODE = YES;
				CLANG_WARN__DUPLICATE_METHOD_MATCH = YES;
				COPY_PHASE_STRIP = NO;
				DEBUG_INFORMATION_FORMAT = "dwarf-with-dsym";
				DEVELOPMENT_TEAM = A98SVH33FM;
				ENABLE_NS_ASSERTIONS = NO;
				ENABLE_STRICT_OBJC_MSGSEND = YES;
				ENABLE_USER_SCRIPT_SANDBOXING = YES;
				GCC_C_LANGUAGE_STANDARD = gnu17;
				GCC_NO_COMMON_BLOCKS = YES;
				GCC_WARN_64_TO_32_BIT_CONVERSION = YES;
				GCC_WARN_ABOUT_RETURN_TYPE = YES_ERROR;
				GCC_WARN_UNDECLARED_SELECTOR = YES;
				GCC_WARN_UNINITIALIZED_AUTOS = YES_AGGRESSIVE;
				GCC_WARN_UNUSED_FUNCTION = YES;
				GCC_WARN_UNUSED_VARIABLE = YES;
				IPHONEOS_DEPLOYMENT_TARGET = 26.2;
				LOCALIZATION_PREFERS_STRING_CATALOGS = YES;
				MTL_ENABLE_DEBUG_INFO = NO;
				MTL_FAST_MATH = YES;
				SDKROOT = iphoneos;
				SWIFT_COMPILATION_MODE = wholemodule;
				VALIDATE_PRODUCT = YES;
			};
			name = Release;
		};
		17575BD42F1BC0C1004C9986 /* Debug */ = {
			isa = XCBuildConfiguration;
			buildSettings = {
				ASSETCATALOG_COMPILER_APPICON_NAME = AppIcon;
				ASSETCATALOG_COMPILER_GLOBAL_ACCENT_COLOR_NAME = AccentColor;
				CODE_SIGN_STYLE = Automatic;
				CURRENT_PROJECT_VERSION = 1;
				DEVELOPMENT_TEAM = A98SVH33FM;
				ENABLE_PREVIEWS = YES;
				GENERATE_INFOPLIST_FILE = YES;
				INFOPLIST_KEY_CFBundleDisplayName = "Team Cook";
				INFOPLIST_KEY_UIApplicationSceneManifest_Generation = YES;
				INFOPLIST_KEY_UIApplicationSupportsIndirectInputEvents = YES;
				INFOPLIST_KEY_UILaunchScreen_Generation = YES;
				INFOPLIST_KEY_UISupportedInterfaceOrientations_iPad = "UIInterfaceOrientationPortrait UIInterfaceOrientationPortraitUpsideDown UIInterfaceOrientationLandscapeLeft UIInterfaceOrientationLandscapeRight";
				INFOPLIST_KEY_UISupportedInterfaceOrientations_iPhone = "UIInterfaceOrientationPortrait UIInterfaceOrientationLandscapeLeft UIInterfaceOrientationLandscapeRight";
				LD_RUNPATH_SEARCH_PATHS = (
					"$(inherited)",
					"@executable_path/Frameworks",
				);
				MARKETING_VERSION = 1.0;
				PRODUCT_BUNDLE_IDENTIFIER = com.maianhvu.ios.TeamCook;
				PRODUCT_NAME = "$(TARGET_NAME)";
				STRING_CATALOG_GENERATE_SYMBOLS = YES;
				SWIFT_APPROACHABLE_CONCURRENCY = YES;
				SWIFT_DEFAULT_ACTOR_ISOLATION = MainActor;
				SWIFT_EMIT_LOC_STRINGS = YES;
				SWIFT_UPCOMING_FEATURE_MEMBER_IMPORT_VISIBILITY = YES;
				SWIFT_VERSION = 5.0;
				TARGETED_DEVICE_FAMILY = "1,2";
			};
			name = Debug;
		};
		17575BD52F1BC0C1004C9986 /* Release */ = {
			isa = XCBuildConfiguration;
			buildSettings = {
				ASSETCATALOG_COMPILER_APPICON_NAME = AppIcon;
				ASSETCATALOG_COMPILER_GLOBAL_ACCENT_COLOR_NAME = AccentColor;
				CODE_SIGN_STYLE = Automatic;
				CURRENT_PROJECT_VERSION = 1;
				DEVELOPMENT_TEAM = A98SVH33FM;
				ENABLE_PREVIEWS = YES;
				GENERATE_INFOPLIST_FILE = YES;
				INFOPLIST_KEY_CFBundleDisplayName = "Team Cook";
				INFOPLIST_KEY_UIApplicationSceneManifest_Generation = YES;
				INFOPLIST_KEY_UIApplicationSupportsIndirectInputEvents = YES;
				INFOPLIST_KEY_UILaunchScreen_Generation = YES;
				INFOPLIST_KEY_UISupportedInterfaceOrientations_iPad = "UIInterfaceOrientationPortrait UIInterfaceOrientationPortraitUpsideDown UIInterfaceOrientationLandscapeLeft UIInterfaceOrientationLandscapeRight";
				INFOPLIST_KEY_UISupportedInterfaceOrientations_iPhone = "UIInterfaceOrientationPortrait UIInterfaceOrientationLandscapeLeft UIInterfaceOrientationLandscapeRight";
				LD_RUNPATH_SEARCH_PATHS = (
					"$(inherited)",
					"@executable_path/Frameworks",
				);
				MARKETING_VERSION = 1.0;
				PRODUCT_BUNDLE_IDENTIFIER = com.maianhvu.ios.TeamCook;
				PRODUCT_NAME = "$(TARGET_NAME)";
				STRING_CATALOG_GENERATE_SYMBOLS = YES;
				SWIFT_APPROACHABLE_CONCURRENCY = YES;
				SWIFT_DEFAULT_ACTOR_ISOLATION = MainActor;
				SWIFT_EMIT_LOC_STRINGS = YES;
				SWIFT_UPCOMING_FEATURE_MEMBER_IMPORT_VISIBILITY = YES;
				SWIFT_VERSION = 5.0;
				TARGETED_DEVICE_FAMILY = "1,2";
			};
			name = Release;
		};
		17575BD72F1BC0C1004C9986 /* Debug */ = {
			isa = XCBuildConfiguration;
			buildSettings = {
				BUNDLE_LOADER = "$(TEST_HOST)";
				CODE_SIGN_STYLE = Automatic;
				CURRENT_PROJECT_VERSION = 1;
				DEVELOPMENT_TEAM = A98SVH33FM;
				GENERATE_INFOPLIST_FILE = YES;
				IPHONEOS_DEPLOYMENT_TARGET = 26.2;
				MARKETING_VERSION = 1.0;
				PRODUCT_BUNDLE_IDENTIFIER = com.maianhvu.ios.TeamCookTests;
				PRODUCT_NAME = "$(TARGET_NAME)";
				STRING_CATALOG_GENERATE_SYMBOLS = NO;
				SWIFT_APPROACHABLE_CONCURRENCY = YES;
				SWIFT_EMIT_LOC_STRINGS = NO;
				SWIFT_UPCOMING_FEATURE_MEMBER_IMPORT_VISIBILITY = YES;
				SWIFT_VERSION = 5.0;
				TARGETED_DEVICE_FAMILY = "1,2";
				TEST_HOST = "$(BUILT_PRODUCTS_DIR)/TeamCook.app/$(BUNDLE_EXECUTABLE_FOLDER_PATH)/TeamCook";
			};
			name = Debug;
		};
		17575BD82F1BC0C1004C9986 /* Release */ = {
			isa = XCBuildConfiguration;
			buildSettings = {
				BUNDLE_LOADER = "$(TEST_HOST)";
				CODE_SIGN_STYLE = Automatic;
				CURRENT_PROJECT_VERSION = 1;
				DEVELOPMENT_TEAM = A98SVH33FM;
				GENERATE_INFOPLIST_FILE = YES;
				IPHONEOS_DEPLOYMENT_TARGET = 26.2;
				MARKETING_VERSION = 1.0;
				PRODUCT_BUNDLE_IDENTIFIER = com.maianhvu.ios.TeamCookTests;
				PRODUCT_NAME = "$(TARGET_NAME)";
				STRING_CATALOG_GENERATE_SYMBOLS = NO;
				SWIFT_APPROACHABLE_CONCURRENCY = YES;
				SWIFT_EMIT_LOC_STRINGS = NO;
				SWIFT_UPCOMING_FEATURE_MEMBER_IMPORT_VISIBILITY = YES;
				SWIFT_VERSION = 5.0;
				TARGETED_DEVICE_FAMILY = "1,2";
				TEST_HOST = "$(BUILT_PRODUCTS_DIR)/TeamCook.app/$(BUNDLE_EXECUTABLE_FOLDER_PATH)/TeamCook";
			};
			name = Release;
		};
		17575BDA2F1BC0C1004C9986 /* Debug */ = {
			isa = XCBuildConfiguration;
			buildSettings = {
				CODE_SIGN_STYLE = Automatic;
				CURRENT_PROJECT_VERSION = 1;
				DEVELOPMENT_TEAM = A98SVH33FM;
				GENERATE_INFOPLIST_FILE = YES;
				MARKETING_VERSION = 1.0;
				PRODUCT_BUNDLE_IDENTIFIER = com.maianhvu.ios.TeamCookUITests;
				PRODUCT_NAME = "$(TARGET_NAME)";
				STRING_CATALOG_GENERATE_SYMBOLS = NO;
				SWIFT_APPROACHABLE_CONCURRENCY = YES;
				SWIFT_EMIT_LOC_STRINGS = NO;
				SWIFT_UPCOMING_FEATURE_MEMBER_IMPORT_VISIBILITY = YES;
				SWIFT_VERSION = 5.0;
				TARGETED_DEVICE_FAMILY = "1,2";
				TEST_TARGET_NAME = TeamCook;
			};
			name = Debug;
		};
		17575BDB2F1BC0C1004C9986 /* Release */ = {
			isa = XCBuildConfiguration;
			buildSettings = {
				CODE_SIGN_STYLE = Automatic;
				CURRENT_PROJECT_VERSION = 1;
				DEVELOPMENT_TEAM = A98SVH33FM;
				GENERATE_INFOPLIST_FILE = YES;
				MARKETING_VERSION = 1.0;
				PRODUCT_BUNDLE_IDENTIFIER = com.maianhvu.ios.TeamCookUITests;
				PRODUCT_NAME = "$(TARGET_NAME)";
				STRING_CATALOG_GENERATE_SYMBOLS = NO;
				SWIFT_APPROACHABLE_CONCURRENCY = YES;
				SWIFT_EMIT_LOC_STRINGS = NO;
				SWIFT_UPCOMING_FEATURE_MEMBER_IMPORT_VISIBILITY = YES;
				SWIFT_VERSION = 5.0;
				TARGETED_DEVICE_FAMILY = "1,2";
				TEST_TARGET_NAME = TeamCook;
			};
			name = Release;
		};
/* End XCBuildConfiguration section */

/* Begin XCConfigurationList section */
		17575BAD2F1BC0C0004C9986 /* Build configuration list for PBXProject "TeamCook" */ = {
			isa = XCConfigurationList;
			buildConfigurations = (
				17575BD12F1BC0C1004C9986 /* Debug */,
				17575BD22F1BC0C1004C9986 /* Release */,
			);
			defaultConfigurationIsVisible = 0;
			defaultConfigurationName = Release;
		};
		17575BD32F1BC0C1004C9986 /* Build configuration list for PBXNativeTarget "TeamCook" */ = {
			isa = XCConfigurationList;
			buildConfigurations = (
				17575BD42F1BC0C1004C9986 /* Debug */,
				17575BD52F1BC0C1004C9986 /* Release */,
			);
			defaultConfigurationIsVisible = 0;
			defaultConfigurationName = Release;
		};
		17575BD62F1BC0C1004C9986 /* Build configuration list for PBXNativeTarget "TeamCookTests" */ = {
			isa = XCConfigurationList;
			buildConfigurations = (
				17575BD72F1BC0C1004C9986 /* Debug */,
				17575BD82F1BC0C1004C9986 /* Release */,
			);
			defaultConfigurationIsVisible = 0;
			defaultConfigurationName = Release;
		};
		17575BD92F1BC0C1004C9986 /* Build configuration list for PBXNativeTarget "TeamCookUITests" */ = {
			isa = XCConfigurationList;
			buildConfigurations = (
				17575BDA2F1BC0C1004C9986 /* Debug */,
				17575BDB2F1BC0C1004C9986 /* Release */,
			);
			defaultConfigurationIsVisible = 0;
			defaultConfigurationName = Release;
		};
/* End XCConfigurationList section */

/* Begin XCLocalSwiftPackageReference section */
		17575C472F1FDB6B004C9986 /* XCLocalSwiftPackageReference "../../packages/TeamCookMacros" */ = {
			isa = XCLocalSwiftPackageReference;
			relativePath = ../../packages/TeamCookMacros;
		};
/* End XCLocalSwiftPackageReference section */

/* Begin XCSwiftPackageProductDependency section */
		17575C482F1FDB6B004C9986 /* TeamCookMacros */ = {
			isa = XCSwiftPackageProductDependency;
			productName = TeamCookMacros;
		};
/* End XCSwiftPackageProductDependency section */
	};
	rootObject = 17575BAA2F1BC0C0004C9986 /* Project object */;
}
